github.com/gorilla/handlers v1.4.2 h1:0QniY0USkHQ1RGCLfKxeNHK9bkDHGRYGNDFBCS+YARg=
github.com/gorilla/handlers v1.4.2/go.mod h1:Qkdc/uu4tH4g6mTK6auzZ766c4CA0Ng8+o/OAirnOIQ=
github.com/kubernetes-sigs/yaml v1.1.0 h1:oqCjQSegsfZ2Lf9OutaFEeq5y6TrBSTuvPeJ6RKoNoU=
github.com/kubernetes-sigs/yaml v1.1.0/go.mod h1:yDUYjn6Z3s4VTIBA3/+ua4UkMDkGYI0uelklrvZRs0E=
github.com/spf13/pflag v1.0.5 h1:iy+VFUOCP1a+8yFto/drg2CJ5u0yRoB7fZw3DKv/JXA=
github.com/spf13/pflag v1.0.5/go.mod h1:McXfInJRrz4CZXVZOBLb0bTZqETkiAhM9Iw0y3An2Bg=
github.com/wzshiming/crun v0.3.3 h1:Vy3kp+KKfNnkxM+thmiv6HkSsviupMZEI31HtoVZpeY=
github.com/wzshiming/crun v0.3.3/go.mod h1:iYiD/hU/91oBohiLF/F5nGoLlDsHCnp1FCh8WozXayk=
github.com/wzshiming/funcfg v0.0.4 h1:gI9XqZGsbqvUgnpMZt2ujPk1vy8kxDBk1r4ymhUI6Zc=
github.com/wzshiming/funcfg v0.0.4/go.mod h1:PnbRDuEvxDtWl2nBIbWo4RNd4xCWwnURELQbjpaU1e4=
github.com/wzshiming/gotype v0.6.3 h1:fERZgrQswld5dfAlW0+G4ZyKyrUptipoiCNKUK6BGA4=
github.com/wzshiming/gotype v0.6.3/go.mod h1:7YULvVsDObRVX2U6iUcF5hixYvHFavLsTSIW26c5GLM=
github.com/wzshiming/inject v0.1.0 h1:jIxBvu1uZu1hmTtlVT8KyBqXNKwWZoM7+AipVCLr2bE=
github.com/wzshiming/inject v0.1.0/go.mod h1:TMwIIbf/euizgbEFavNdWAudPr7tO9kM0UOLxJJgJkY=
github.com/wzshiming/lockfile v0.0.5 h1:UXmyza5BHnG4otZ5tXSUAp4TnHt72oKozKQ0BlwZqoM=
github.com/wzshiming/lockfile v0.0.5/go.mod h1:vhWLDg1zBZYjo0UGrKCzCa8V+exb/6pq3H9yAulhpHM=
github.com/wzshiming/namecase v0.2.0 h1:zRWDTVN8Yfzz9YfpOuM/TpYza/HRO9SrWAR6l9mMpKQ=
github.com/wzshiming/namecase v0.2.0/go.mod h1:FJT9Q8a289dtinO3AJUDKqRP9UQzq9UxpWDevdDVvYA=
github.com/wzshiming/notify v0.0.5 h1:c/S99kE2S1jNt74hg5bpmM0DFATEHNg5NDgl8sYKAfo=
github.com/wzshiming/notify v0.0.5/go.mod h1:SFhsQKZJznzsDcj/Qfo9A65k5IRcpUrpgbLRzZEa/DI=
github.com/wzshiming/trie v0.0.1 h1:6xnhRyO5tZWR6aKjEpFfm8KSNNHYsNbpKrY1+NdyHME=
github.com/wzshiming/trie v0.0.1/go.mod h1:Z20IrQFTHnjWz//dssIoiEPWInBZFyuFlPOFPxV0Rec=
golang.org/x/crypto v0.0.0-20200208060501-ecb85df21340 h1:KOcEaR10tFr7gdJV2GCKw8Os5yED1u1aOqHjOAb6d2Y=
golang.org/x/crypto v0.0.0-20200208060501-ecb85df21340/go.mod h1:LzIPMQfyMNhhGPhUkYOs5KpL4U8rLKemX1yGLhDgUto=
golang.org/x/net v0.0.0-20200202094626-16171245cfb2 h1:CCH4IOTTfewWjGOlSp+zGcjutRKlBEZQ6wTn8ozI/nI=
golang.org/x/net v0.0.0-20200202094626-16171245cfb2/go.mod h1:z5CRVTTTmAJ677TzLLGU+0bjPO0LkuOLi4/5GtJWs/s=
golang.org/x/sync v0.0.0-20190911185100-cd5d95a43a6e h1:vcxGaoTs7kV8m5Np9uUNQin4BrLOthgV7252N8V+FwY=
golang.org/x/sync v0.0.0-20190911185100-cd5d95a43a6e/go.mod h1:RxMgew5VJxzue5/jJTE5uejpjVlOe/izrB70Jof72aM=
golang.org/x/sys v0.0.0-20190215142949-d0b11bdaac8a/go.mod h1:STP8DvDyc/dI5b8T5hshtkjS+E42TnysNCUPdjciGhY=
golang.org/x/sys v0.0.0-20190412213103-97732733099d h1:+R4KGOnez64A81RvjARKc4UT5/tI9ujCIVX+P5KiHuI=
golang.org/x/sys v0.0.0-20190412213103-97732733099d/go.mod h1:h1NjWce9XRLGQEsW7wpKNCjG9DtNlClVuFLEZdDNbEs=
golang.org/x/text v0.3.0 h1:g61tztE5qeGQ89tm6NTjjM9VPIm088od1l6aSorWRWg=
golang.org/x/text v0.3.0/go.mod h1:NqM8EUOU14njkJ3fqMW+pc6Ldnwhi/IjpwHt7yyuwOQ=
gopkg.in/check.v1 v0.0.0-20161208181325-20d25e280405 h1:yhCVgyC4o1eVCa2tZl7eS0r+SDo693bJlVdllGtEeKM=
gopkg.in/check.v1 v0.0.0-20161208181325-20d25e280405/go.mod h1:Co6ibVJAznAaIkqp8huTwlJQCZ016jof/cbN4VW5Yz0=
gopkg.in/yaml.v2 v2.2.8 h1:obN1ZagJSUGI0Ek/LBmuj4SNLPfIny3KsKFopxRdj10=
gopkg.in/yaml.v2 v2.2.8/go.mod h1:hI93XBmqTisBFMUTm0b8Fm+jr3Dg1NNxqwp+5A1VGuI=
